<?xml version="1.0" encoding="utf-8"?>
<Project ToolsVersion="4.0" xmlns="http://schemas.microsoft.com/developer/msbuild/2003">
  <ItemGroup>
    <Filter Include="源文件">
      <UniqueIdentifier>{4FC737F1-C7A5-4376-A066-2A32D752A2FF}</UniqueIdentifier>
      <Extensions>cpp;c;cc;cxx;c++;cppm;ixx;def;odl;idl;hpj;bat;asm;asmx</Extensions>
    </Filter>
    <Filter Include="头文件">
      <UniqueIdentifier>{93995380-89BD-4b04-88EB-625FBE52EBFB}</UniqueIdentifier>
      <Extensions>h;hh;hpp;hxx;h++;hm;inl;inc;ipp;xsd</Extensions>
    </Filter>
    <Filter Include="资源文件">
      <UniqueIdentifier>{67DA6AB6-F800-4c08-8B7A-83BB121AAD01}</UniqueIdentifier>
      <Extensions>rc;ico;cur;bmp;dlg;rc2;rct;bin;rgs;gif;jpg;jpeg;jpe;resx;tiff;tif;png;wav;mfcribbon-ms</Extensions>
    </Filter>
  </ItemGroup>
  <ItemGroup>
    <ClInclude Include="..\src\Circle.h">
      <Filter>头文件</Filter>
    </ClInclude>
    <ClInclude Include="..\src\CircleDrawer.h">
      <Filter>头文件</Filter>
    </ClInclude>
    <ClInclude Include="..\src\FluidSimEffect.h">
      <Filter>头文件</Filter>
    </ClInclude>
    <ClInclude Include="..\src\Mesh.h">
      <Filter>头文件</Filter>
    </ClInclude>
    <ClInclude Include="..\src\MeshDrawer.h">
      <Filter>头文件</Filter>
    </ClInclude>
    <ClInclude Include="..\src\Particle.h">
      <Filter>头文件</Filter>
    </ClInclude>
    <ClInclude Include="..\src\ParticleGrid.h">
      <Filter>头文件</Filter>
    </ClInclude>
    <ClInclude Include="..\src\Poly6.h">
      <Filter>头文件</Filter>
    </ClInclude>
    <ClInclude Include="..\src\Shader.h">
      <Filter>头文件</Filter>
    </ClInclude>
    <ClInclude Include="..\src\SimDrawer.h">
      <Filter>头文件</Filter>
    </ClInclude>
    <ClInclude Include="..\src\SimEnv.h">
      <Filter>头文件</Filter>
    </ClInclude>
    <ClInclude Include="..\src\SimRunner.h">
      <Filter>头文件</Filter>
    </ClInclude>
    <ClInclude Include="..\src\Spiky.h">
      <Filter>头文件</Filter>
    </ClInclude>
    <ClInclude Include="..\src\Viscosity.h">
      <Filter>头文件</Filter>
    </ClInclude>
    <ClInclude Include="..\src\WaterTankDrawer.h">
      <Filter>头文件</Filter>
    </ClInclude>
    <ClInclude Include="..\lib\imgui\imconfig.h">
      <Filter>头文件</Filter>
    </ClInclude>
    <ClInclude Include="..\lib\imgui\imgui.h">
      <Filter>头文件</Filter>
    </ClInclude>
    <ClInclude Include="..\lib\imgui\imgui_impl_glfw.h">
      <Filter>头文件</Filter>
    </ClInclude>
    <ClInclude Include="..\lib\imgui\imgui_impl_opengl3.h">
      <Filter>头文件</Filter>
    </ClInclude>
    <ClInclude Include="..\lib\imgui\imgui_impl_opengl3_loader.h">
      <Filter>头文件</Filter>
    </ClInclude>
    <ClInclude Include="..\lib\imgui\imgui_internal.h">
      <Filter>头文件</Filter>
    </ClInclude>
    <ClInclude Include="..\lib\imgui\imstb_rectpack.h">
      <Filter>头文件</Filter>
    </ClInclude>
    <ClInclude Include="..\lib\imgui\imstb_textedit.h">
      <Filter>头文件</Filter>
    </ClInclude>
    <ClInclude Include="..\lib\imgui\imstb_truetype.h">
      <Filter>头文件</Filter>
    </ClInclude>
  </ItemGroup>
  <ItemGroup>
    <ClCompile Include="..\src\CircleDrawer.cpp">
      <Filter>源文件</Filter>
    </ClCompile>
    <ClCompile Include="..\src\FluidSimEffect.cpp">
      <Filter>源文件</Filter>
    </ClCompile>
    <ClCompile Include="..\src\Main.cpp">
      <Filter>源文件</Filter>
    </ClCompile>
    <ClCompile Include="..\src\MeshDrawer.cpp">
      <Filter>源文件</Filter>
    </ClCompile>
    <ClCompile Include="..\src\Particle.cpp">
      <Filter>源文件</Filter>
    </ClCompile>
    <ClCompile Include="..\src\ParticleGrid.cpp">
      <Filter>源文件</Filter>
    </ClCompile>
    <ClCompile Include="..\src\Poly6.cpp">
      <Filter>源文件</Filter>
    </ClCompile>
    <ClCompile Include="..\src\Shader.cpp">
      <Filter>源文件</Filter>
    </ClCompile>
    <ClCompile Include="..\src\SimDrawer.cpp">
      <Filter>源文件</Filter>
    </ClCompile>
    <ClCompile Include="..\src\SimEnv.cpp">
      <Filter>源文件</Filter>
    </ClCompile>
    <ClCompile Include="..\src\SimRunner.cpp">
      <Filter>源文件</Filter>
    </ClCompile>
    <ClCompile Include="..\src\Spiky.cpp">
      <Filter>源文件</Filter>
    </ClCompile>
    <ClCompile Include="..\src\Viscosity.cpp">
      <Filter>源文件</Filter>
    </ClCompile>
    <ClCompile Include="..\src\WaterTankDrawer.cpp">
      <Filter>源文件</Filter>
    </ClCompile>
    <ClCompile Include="..\lib\imgui\imgui.cpp">
      <Filter>源文件</Filter>
    </ClCompile>
    <ClCompile Include="..\lib\imgui\imgui_draw.cpp">
      <Filter>源文件</Filter>
    </ClCompile>
    <ClCompile Include="..\lib\imgui\imgui_impl_glfw.cpp">
      <Filter>源文件</Filter>
    </ClCompile>
    <ClCompile Include="..\lib\imgui\imgui_impl_opengl3.cpp">
      <Filter>源文件</Filter>
    </ClCompile>
    <ClCompile Include="..\lib\imgui\imgui_tables.cpp">
      <Filter>源文件</Filter>
    </ClCompile>
    <ClCompile Include="..\lib\imgui\imgui_widgets.cpp">
      <Filter>源文件</Filter>
    </ClCompile>
  </ItemGroup>
</Project>